Microsoft Visual Studio Solution File, Format Version 12.00
# Visual Studio Version 17
VisualStudioVersion = 17.5.2.0
MinimumVisualStudioVersion = 10.0.40219.1
Project("{FAE04EC0-301F-11D3-BF4B-00C04F79EFBC}") = "LuaCSharp-Ext", "LuaCSharp-Ext.csproj", "{131F9597-B479-89E4-8444-4E9FBC6F4F84}"
EndProject
Global
	GlobalSection(SolutionConfigurationPlatforms) = preSolution
		Debug|Any CPU = Debug|Any CPU
		Release|Any CPU = Release|Any CPU
	EndGlobalSection
	GlobalSection(ProjectConfigurationPlatforms) = postSolution
		{131F9597-B479-89E4-8444-4E9FBC6F4F84}.Debug|Any CPU.ActiveCfg = Debug|Any CPU
		{131F9597-B479-89E4-8444-4E9FBC6F4F84}.Debug|Any CPU.Build.0 = Debug|Any CPU
		{131F9597-B479-89E4-8444-4E9FBC6F4F84}.Release|Any CPU.ActiveCfg = Release|Any CPU
		{131F9597-B479-89E4-8444-4E9FBC6F4F84}.Release|Any CPU.Build.0 = Release|Any CPU
	EndGlobalSection
	GlobalSection(SolutionProperties) = preSolution
		HideSolutionNode = FALSE
	EndGlobalSection
	GlobalSection(ExtensibilityGlobals) = postSolution
		SolutionGuid = {406026C6-7DAC-48A6-B5B3-D4D221480282}
	EndGlobalSection
EndGlobal
